github.com/davecgh/go-spew v1.1.2-0.20180830191138-d8f796af33cc h1:U9qPSI2PIWSS1VwoXQT9A3Wy9MM3WgvqSxFWenqJduM=
github.com/davecgh/go-spew v1.1.2-0.20180830191138-d8f796af33cc/go.mod h1:J7Y8YcW2NihsgmVo/mv3lAwl/skON4iLHjSsI+c5H38=
github.com/kr/pretty v0.3.1 h1:flRD4NNwYAUpkphVc1HcthR4KEIFJ65n8Mw5qdRn3LE=
github.com/kr/pretty v0.3.1/go.mod h1:hoEshYVHaxMs3cyo3Yncou5ZscifuDolrwPKZanG3xk=
github.com/kr/text v0.2.0 h1:5Nx0Ya0ZqY2ygV366QzturHI13Jq95ApcVaJBhpS+AY=
github.com/kr/text v0.2.0/go.mod h1:eLer722TekiGuMkidMxC/pM04lWEeraHUUmBw8l2grE=
github.com/pkg/errors v0.9.1 h1:FEBLx1zS214owpjy7qsBeixbURkuhQAwrK5UwLGTwt4=
github.com/pkg/errors v0.9.1/go.mod h1:bwawxfHBFNV+L2hUp1rHADufV3IMtnDRdf1r5NINEl0=
github.com/pmezard/go-difflib v1.0.1-0.20181226105442-5d4384ee4fb2 h1:Jamvg5psRIccs7FGNTlIRMkT8wgtp5eCXdBlqhYGL6U=
github.com/pmezard/go-difflib v1.0.1-0.20181226105442-5d4384ee4fb2/go.mod h1:iKH77koFhYxTK1pcRnkKkqfTogsbg7gZNVY4sRDYZ/4=
github.com/rogpeppe/go-internal v1.14.1 h1:UQB4HGPB6osV0SQTLymcB4TgvyWu6ZyliaW0tI/otEQ=
github.com/rogpeppe/go-internal v1.14.1/go.mod h1:MaRKkUm5W0goXpeCfT7UZI6fk/L7L7so1lCWt35ZSgc=
github.com/stretchr/testify v1.11.1 h1:7s2iGBzp5EwR7/aIZr8ao5+dra3wiQyKjjFuvgVKu7U=
github.com/stretchr/testify v1.11.1/go.mod h1:wZwfW3scLgRK+23gO65QZefKpKQRnfz6sD981Nm4B6U=
github.com/yylego/done v0.0.0 h1:3N3D05zWXep/CoNKod8gILL/u3CROxpcmq74SVVY8WA=
github.com/yylego/done v0.0.0/go.mod h1:mbiHImx+5HTUrC+ZIxrPK2cHZAhsOzXq7nMmDrDKjsA=
github.com/yylego/erero v0.0.0 h1:4Xtx7hvE85Oe0gfol4QR3Atx0LeNehPQ12qmpIYe00o=
github.com/yylego/erero v0.0.0/go.mod h1:eyv5gznQX+zPByh+1WeKn6WTljt5deo1QbGM7i7+qrM=
github.com/yylego/formatgo v0.0.0 h1:P8sttCVb+cT6+B0UfjC1Bg80GxCFm56ONx4hnVBwMfk=
github.com/yylego/formatgo v0.0.0/go.mod h1:GplYsWVp1atmoWajHL3jRJghU01y7XZgQ686hcljgYo=
github.com/yylego/kratos-vue3 v0.0.2 h1:G0qMpasFUzoUmZ2OeBSXj8vIqJOnl5Fedq8kG7Pwj8A=
github.com/yylego/kratos-vue3 v0.0.2/go.mod h1:TmMtlj7Q8MiYPAyBpywLRoXnhRZlo/+FxSjJp9b4rsE=
github.com/yylego/must v0.0.0 h1:x2KPl61oxeLslgK3AH3nBQiGYic/MIb8mj6TOnVsalE=
github.com/yylego/must v0.0.0/go.mod h1:9tdcRG+PZ9ah8bMSjxu+/4OEWtGdINeKdmik1WNhsYw=
github.com/yylego/mutexmap v0.0.0 h1:gnJEBJoYP/3XyXfespDimm2I8UUv+UovbCZ0GYZnYkc=
github.com/yylego/mutexmap v0.0.0/go.mod h1:KzP6c1w01vGnbaaB8pzPsIldlJ7AthaJ24nfE00y+do=
github.com/yylego/osexec v0.0.0 h1:Fi8ozSzv5T+DlGvE7QFy5jBc1EPJjEC7yPQut5Vl9Lo=
github.com/yylego/osexec v0.0.0/go.mod h1:Fp5k1wMOw4+Xr+FP1zvpNw6FdBhurwxOAD7iT0gPnQA=
github.com/yylego/osexistpath v0.0.0 h1:lQKL136RCeWY4Tymselre9dmf1MSpWo0K5HxbNtFB2U=
github.com/yylego/osexistpath v0.0.0/go.mod h1:IT30Rynd5D2ZgfSDlJbOapHhMN8/335VgkhIe2gmsF4=
github.com/yylego/printgo v0.0.0 h1:ydLS8abFeXbSGsMxNlLU3gXzupukiz+/VPi1Hn8r5IU=
github.com/yylego/printgo v0.0.0/go.mod h1:sjXagkLA4wRDbzzwBaLLt8yCOLGRKRxh+oxHzeZ4VXA=
github.com/yylego/rese v0.0.0 h1:LVZu0tSnU21yuXrfxT8V6TiLqvOqjyK0cO0K/XKiRgw=
github.com/yylego/rese v0.0.0/go.mod h1:c02kLLZbLEmxvfD4zzIPqnjWPMZJvZiBwCxJkZvSBHE=
github.com/yylego/runpath v0.0.4 h1:0YsFB1YA9Wl6YnzWclhqm8arHafc2v8hSNeLCAB2EB8=
github.com/yylego/runpath v0.0.4/go.mod h1:wAM9/Op/7lxJwvDx85ppYvE4LpJydyHCkT8+626Gj3Q=
github.com/yylego/sure v0.0.0 h1:48HdJRR/+1Mie0IO0ICiV8GYyFj4ylSBd+zcr629Qgs=
github.com/yylego/sure v0.0.0/go.mod h1:AtmiKyIlKXsTmrKNOhZ986AY1Yc8KmE/O/GHQEB1Qv0=
github.com/yylego/syntaxgo v0.0.0 h1:t8Kne3rUGtAwhi1PWBeG/YpNEj9pGaHitFPPi40QlUo=
github.com/yylego/syntaxgo v0.0.0/go.mod h1:epcB38YcKaqc1kUpg+6O2VJXDpnyJmwOpb9jIRyvFUY=
github.com/yylego/tern v0.0.0 h1:8A1FXTT6tV55U3ceOycZw68OSNtGQk20/5UAMNyxupQ=
github.com/yylego/tern v0.0.0/go.mod h1:HNk+rptzqHrT3PfeQ7Wg9ZUE42xMEyrHK19FiloWsSo=
github.com/yylego/tint v0.0.0 h1:tf19y1Dv9AqEiEg7s1pLrpuv0dMGSL2ipnd0hkfKC78=
github.com/yylego/tint v0.0.0/go.mod h1:r3+U33Ar90Fe+XLXRqxn0jK3yReKlYNhpu2p7cBGa/Q=
github.com/yylego/zaplog v0.0.0 h1:/XhVZt8GaIVwYZkskeLFHminhrZdErlHGMNdhyrPu/Y=
github.com/yylego/zaplog v0.0.0/go.mod h1:9TRr5wjLd/7L6fWMTamEK0NinMy1lz2UB6BuL4YKvls=
go.uber.org/goleak v1.3.0 h1:2K3zAYmnTNqV73imy9J1T3WC+gmCePx2hEGkimedGto=
go.uber.org/goleak v1.3.0/go.mod h1:CoHD4mav9JJNrW/WLlf7HGZPjdw8EucARQHekz1X6bE=
go.uber.org/multierr v1.11.0 h1:blXXJkSxSSfBVBlC76pxqeO+LN3aDfLQo+309xJstO0=
go.uber.org/multierr v1.11.0/go.mod h1:20+QtiLqy0Nd6FdQB9TLXag12DsQkrbs3htMFfDN80Y=
go.uber.org/zap v1.27.1 h1:08RqriUEv8+ArZRYSTXy1LeBScaMpVSTBhCeaZYfMYc=
go.uber.org/zap v1.27.1/go.mod h1:GB2qFLM7cTU87MWRP2mPIjqfIDnGu+VIO4V/SdhGo2E=
golang.org/x/exp v0.0.0-20251023183803-a4bb9ffd2546 h1:mgKeJMpvi0yx/sU5GsxQ7p6s2wtOnGAHZWCHUM4KGzY=
golang.org/x/exp v0.0.0-20251023183803-a4bb9ffd2546/go.mod h1:j/pmGrbnkbPtQfxEe5D0VQhZC6qKbfKifgD0oM7sR70=
golang.org/x/mod v0.31.0 h1:HaW9xtz0+kOcWKwli0ZXy79Ix+UW/vOfmWI5QVd2tgI=
golang.org/x/mod v0.31.0/go.mod h1:43JraMp9cGx1Rx3AqioxrbrhNsLl2l/iNAvuBkrezpg=
golang.org/x/sync v0.19.0 h1:vV+1eWNmZ5geRlYjzm2adRgW2/mcpevXNg50YZtPCE4=
golang.org/x/sync v0.19.0/go.mod h1:9KTHXmSnoGruLpwFjVSX0lNNA75CykiMECbovNTZqGI=
golang.org/x/tools v0.40.0 h1:yLkxfA+Qnul4cs9QA3KnlFu0lVmd8JJfoq+E41uSutA=
golang.org/x/tools v0.40.0/go.mod h1:Ik/tzLRlbscWpqqMRjyWYDisX8bG13FrdXp3o4Sr9lc=
gopkg.in/yaml.v3 v3.0.1 h1:fxVm/GzAzEWqLHuvctI91KS9hhNmmWOoWu0XTYJS7CA=
gopkg.in/yaml.v3 v3.0.1/go.mod h1:K4uyk7z7BCEPqu6E+C64Yfv1cQ7kz7rIZviUmN+EgEM=
